// !$*UTF8*$!
{
	archiveVersion = 1;
	classes = {
	};
	objectVersion = 46;
	objects = {

/* Begin PBXBuildFile section */
		28091CA71DC3F0B900FFF4C3 /* AppDelegate.swift in Sources */ = {isa = PBXBuildFile; fileRef = 28091CA61DC3F0B900FFF4C3 /* AppDelegate.swift */; };
		28091CAC1DC3F0B900FFF4C3 /* Main.storyboard in Resources */ = {isa = PBXBuildFile; fileRef = 28091CAA1DC3F0B900FFF4C3 /* Main.storyboard */; };
		28091CAE1DC3F0B900FFF4C3 /* Assets.xcassets in Resources */ = {isa = PBXBuildFile; fileRef = 28091CAD1DC3F0B900FFF4C3 /* Assets.xcassets */; };
		28091CB11DC3F0B900FFF4C3 /* LaunchScreen.storyboard in Resources */ = {isa = PBXBuildFile; fileRef = 28091CAF1DC3F0B900FFF4C3 /* LaunchScreen.storyboard */; };
		28091CB91DC3F18D00FFF4C3 /* TaskTableViewController.swift in Sources */ = {isa = PBXBuildFile; fileRef = 28091CB81DC3F18D00FFF4C3 /* TaskTableViewController.swift */; };
		28091CC41DC3F5C100FFF4C3 /* ResearchKit.framework in Frameworks */ = {isa = PBXBuildFile; fileRef = 28091CC11DC3F59100FFF4C3 /* ResearchKit.framework */; };
		28091CC51DC3F5C100FFF4C3 /* ResearchKit.framework in Embed Frameworks */ = {isa = PBXBuildFile; fileRef = 28091CC11DC3F59100FFF4C3 /* ResearchKit.framework */; settings = {ATTRIBUTES = (CodeSignOnCopy, RemoveHeadersOnCopy, ); }; };
/* End PBXBuildFile section */

/* Begin PBXContainerItemProxy section */
		28091CC01DC3F59100FFF4C3 /* PBXContainerItemProxy */ = {
			isa = PBXContainerItemProxy;
			containerPortal = 28091CBA1DC3F59100FFF4C3 /* ResearchKit.xcodeproj */;
			proxyType = 2;
			remoteGlobalIDString = B183A5951A8535D100C76870;
			remoteInfo = ResearchKit;
		};
		28091CC21DC3F59100FFF4C3 /* PBXContainerItemProxy */ = {
			isa = PBXContainerItemProxy;
			containerPortal = 28091CBA1DC3F59100FFF4C3 /* ResearchKit.xcodeproj */;
			proxyType = 2;
			remoteGlobalIDString = 86CC8E9A1AC09332001CCD89;
			remoteInfo = ResearchKitTests;
		};
		28091CC61DC3F5C100FFF4C3 /* PBXContainerItemProxy */ = {
			isa = PBXContainerItemProxy;
			containerPortal = 28091CBA1DC3F59100FFF4C3 /* ResearchKit.xcodeproj */;
			proxyType = 1;
			remoteGlobalIDString = B183A4731A8535D100C76870;
			remoteInfo = ResearchKit;
		};
/* End PBXContainerItemProxy section */

/* Begin PBXCopyFilesBuildPhase section */
		28091CC81DC3F5C100FFF4C3 /* Embed Frameworks */ = {
			isa = PBXCopyFilesBuildPhase;
			buildActionMask = 2147483647;
			dstPath = "";
			dstSubfolderSpec = 10;
			files = (
				28091CC51DC3F5C100FFF4C3 /* ResearchKit.framework in Embed Frameworks */,
			);
			name = "Embed Frameworks";
			runOnlyForDeploymentPostprocessing = 0;
		};
/* End PBXCopyFilesBuildPhase section */

/* Begin PBXFileReference section */
		28091CA31DC3F0B900FFF4C3 /* ResearchKitDemo.app */ = {isa = PBXFileReference; explicitFileType = wrapper.application; includeInIndex = 0; path = ResearchKitDemo.app; sourceTree = BUILT_PRODUCTS_DIR; };
		28091CA61DC3F0B900FFF4C3 /* AppDelegate.swift */ = {isa = PBXFileReference; lastKnownFileType = sourcecode.swift; path = AppDelegate.swift; sourceTree = "<group>"; };
		28091CAB1DC3F0B900FFF4C3 /* Base */ = {isa = PBXFileReference; lastKnownFileType = file.storyboard; name = Base; path = Base.lproj/Main.storyboard; sourceTree = "<group>"; };
		28091CAD1DC3F0B900FFF4C3 /* Assets.xcassets */ = {isa = PBXFileReference; lastKnownFileType = folder.assetcatalog; path = Assets.xcassets; sourceTree = "<group>"; };
		28091CB01DC3F0B900FFF4C3 /* Base */ = {isa = PBXFileReference; lastKnownFileType = file.storyboard; name = Base; path = Base.lproj/LaunchScreen.storyboard; sourceTree = "<group>"; };
		28091CB21DC3F0B900FFF4C3 /* Info.plist */ = {isa = PBXFileReference; lastKnownFileType = text.plist.xml; path = Info.plist; sourceTree = "<group>"; };
		28091CB81DC3F18D00FFF4C3 /* TaskTableViewController.swift */ = {isa = PBXFileReference; fileEncoding = 4; lastKnownFileType = sourcecode.swift; path = TaskTableViewController.swift; sourceTree = "<group>"; };
		28091CBA1DC3F59100FFF4C3 /* ResearchKit.xcodeproj */ = {isa = PBXFileReference; lastKnownFileType = "wrapper.pb-project"; name = ResearchKit.xcodeproj; path = ../ResearchKit/ResearchKit.xcodeproj; sourceTree = "<group>"; };
/* End PBXFileReference section */

/* Begin PBXFrameworksBuildPhase section */
		28091CA01DC3F0B800FFF4C3 /* Frameworks */ = {
			isa = PBXFrameworksBuildPhase;
			buildActionMask = 2147483647;
			files = (
				28091CC41DC3F5C100FFF4C3 /* ResearchKit.framework in Frameworks */,
			);
			runOnlyForDeploymentPostprocessing = 0;
		};
/* End PBXFrameworksBuildPhase section */

/* Begin PBXGroup section */
		28091C9A1DC3F0B800FFF4C3 = {
			isa = PBXGroup;
			children = (
				28091CBA1DC3F59100FFF4C3 /* ResearchKit.xcodeproj */,
				28091CA51DC3F0B900FFF4C3 /* ResearchKitDemo */,
				28091CA41DC3F0B900FFF4C3 /* Products */,
			);
			sourceTree = "<group>";
		};
		28091CA41DC3F0B900FFF4C3 /* Products */ = {
			isa = PBXGroup;
			children = (
				28091CA31DC3F0B900FFF4C3 /* ResearchKitDemo.app */,
			);
			name = Products;
			sourceTree = "<group>";
		};
		28091CA51DC3F0B900FFF4C3 /* ResearchKitDemo */ = {
			isa = PBXGroup;
			children = (
				28091CA61DC3F0B900FFF4C3 /* AppDelegate.swift */,
				28091CAA1DC3F0B900FFF4C3 /* Main.storyboard */,
				28091CB81DC3F18D00FFF4C3 /* TaskTableViewController.swift */,
				28091CAD1DC3F0B900FFF4C3 /* Assets.xcassets */,
				28091CAF1DC3F0B900FFF4C3 /* LaunchScreen.storyboard */,
				28091CB21DC3F0B900FFF4C3 /* Info.plist */,
			);
			path = ResearchKitDemo;
			sourceTree = "<group>";
		};
		28091CBB1DC3F59100FFF4C3 /* Products */ = {
			isa = PBXGroup;
			children = (
				28091CC11DC3F59100FFF4C3 /* ResearchKit.framework */,
				28091CC31DC3F59100FFF4C3 /* ResearchKitTests.xctest */,
			);
			name = Products;
			sourceTree = "<group>";
		};
/* End PBXGroup section */

/* Begin PBXNativeTarget section */
		28091CA21DC3F0B800FFF4C3 /* ResearchKitDemo */ = {
			isa = PBXNativeTarget;
			buildConfigurationList = 28091CB51DC3F0B900FFF4C3 /* Build configuration list for PBXNativeTarget "ResearchKitDemo" */;
			buildPhases = (
				28091C9F1DC3F0B800FFF4C3 /* Sources */,
				28091CA01DC3F0B800FFF4C3 /* Frameworks */,
				28091CA11DC3F0B800FFF4C3 /* Resources */,
				28091CC81DC3F5C100FFF4C3 /* Embed Frameworks */,
			);
			buildRules = (
			);
			dependencies = (
				28091CC71DC3F5C100FFF4C3 /* PBXTargetDependency */,
			);
			name = ResearchKitDemo;
			productName = ResearchKitDemo;
			productReference = 28091CA31DC3F0B900FFF4C3 /* ResearchKitDemo.app */;
			productType = "com.apple.product-type.application";
		};
/* End PBXNativeTarget section */

/* Begin PBXProject section */
		28091C9B1DC3F0B800FFF4C3 /* Project object */ = {
			isa = PBXProject;
			attributes = {
				LastSwiftUpdateCheck = 0810;
				LastUpgradeCheck = 0810;
				ORGANIZATIONNAME = "Uldis Zingis";
				TargetAttributes = {
					28091CA21DC3F0B800FFF4C3 = {
						CreatedOnToolsVersion = 8.1;
						DevelopmentTeam = KNA8S759M5;
						ProvisioningStyle = Automatic;
					};
				};
			};
			buildConfigurationList = 28091C9E1DC3F0B800FFF4C3 /* Build configuration list for PBXProject "ResearchKitDemo" */;
			compatibilityVersion = "Xcode 3.2";
			developmentRegion = English;
			hasScannedForEncodings = 0;
			knownRegions = (
				en,
				Base,
			);
			mainGroup = 28091C9A1DC3F0B800FFF4C3;
			productRefGroup = 28091CA41DC3F0B900FFF4C3 /* Products */;
			projectDirPath = "";
			projectReferences = (
				{
					ProductGroup = 28091CBB1DC3F59100FFF4C3 /* Products */;
					ProjectRef = 28091CBA1DC3F59100FFF4C3 /* ResearchKit.xcodeproj */;
				},
			);
			projectRoot = "";
			targets = (
				28091CA21DC3F0B800FFF4C3 /* ResearchKitDemo */,
			);
		};
/* End PBXProject section */

/* Begin PBXReferenceProxy section */
		28091CC11DC3F59100FFF4C3 /* ResearchKit.framework */ = {
			isa = PBXReferenceProxy;
			fileType = wrapper.framework;
			path = ResearchKit.framework;
			remoteRef = 28091CC01DC3F59100FFF4C3 /* PBXContainerItemProxy */;
			sourceTree = BUILT_PRODUCTS_DIR;
		};
		28091CC31DC3F59100FFF4C3 /* ResearchKitTests.xctest */ = {
			isa = PBXReferenceProxy;
			fileType = wrapper.cfbundle;
			path = ResearchKitTests.xctest;
			remoteRef = 28091CC21DC3F59100FFF4C3 /* PBXContainerItemProxy */;
			sourceTree = BUILT_PRODUCTS_DIR;
		};
/* End PBXReferenceProxy section */

/* Begin PBXResourcesBuildPhase section */
		28091CA11DC3F0B800FFF4C3 /* Resources */ = {
			isa = PBXResourcesBuildPhase;
			buildActionMask = 2147483647;
			files = (
				28091CB11DC3F0B900FFF4C3 /* LaunchScreen.storyboard in Resources */,
				28091CAE1DC3F0B900FFF4C3 /* Assets.xcassets in Resources */,
				28091CAC1DC3F0B900FFF4C3 /* Main.storyboard in Resources */,
			);
			runOnlyForDeploymentPostprocessing = 0;
		};
/* End PBXResourcesBuildPhase section */

/* Begin PBXSourcesBuildPhase section */
		28091C9F1DC3F0B800FFF4C3 /* Sources */ = {
			isa = PBXSourcesBuildPhase;
			buildActionMask = 2147483647;
			files = (
				28091CB91DC3F18D00FFF4C3 /* TaskTableViewController.swift in Sources */,
				28091CA71DC3F0B900FFF4C3 /* AppDelegate.swift in Sources */,
			);
			runOnlyForDeploymentPostprocessing = 0;
		};
/* End PBXSourcesBuildPhase section */

/* Begin PBXTargetDependency section */
		28091CC71DC3F5C100FFF4C3 /* PBXTargetDependency */ = {
			isa = PBXTargetDependency;
			name = ResearchKit;
			targetProxy = 28091CC61DC3F5C100FFF4C3 /* PBXContainerItemProxy */;
		};
/* End PBXTargetDependency section */

/* Begin PBXVariantGroup section */
		28091CAA1DC3F0B900FFF4C3 /* Main.storyboard */ = {
			isa = PBXVariantGroup;
			children = (
				28091CAB1DC3F0B900FFF4C3 /* Base */,
			);
			name = Main.storyboard;
			sourceTree = "<group>";
		};
		28091CAF1DC3F0B900FFF4C3 /* LaunchScreen.storyboard */ = {
			isa = PBXVariantGroup;
			children = (
				28091CB01DC3F0B900FFF4C3 /* Base */,
			);
			name = LaunchScreen.storyboard;
			sourceTree = "<group>";
		};
/* End PBXVariantGroup section */

/* Begin XCBuildConfiguration section */
		28091CB31DC3F0B900FFF4C3 /* Debug */ = {
			isa = XCBuildConfiguration;
			buildSettings = {
				ALWAYS_SEARCH_USER_PATHS = NO;
				CLANG_ANALYZER_NONNULL = YES;
				CLANG_CXX_LANGUAGE_STANDARD = "gnu++0x";
				CLANG_CXX_LIBRARY = "libc++";
				CLANG_ENABLE_MODULES = YES;
				CLANG_ENABLE_OBJC_ARC = YES;
				CLANG_WARN_BOOL_CONVERSION = YES;
				CLANG_WARN_CONSTANT_CONVERSION = YES;
				CLANG_WARN_DIRECT_OBJC_ISA_USAGE = YES_ERROR;
				CLANG_WARN_DOCUMENTATION_COMMENTS = YES;
				CLANG_WARN_EMPTY_BODY = YES;
				CLANG_WARN_ENUM_CONVERSION = YES;
				CLANG_WARN_INFINITE_RECURSION = YES;
				CLANG_WARN_INT_CONVERSION = YES;
				CLANG_WARN_OBJC_ROOT_CLASS = YES_ERROR;
				CLANG_WARN_SUSPICIOUS_MOVES = YES;
				CLANG_WARN_UNREACHABLE_CODE = YES;
				CLANG_WARN__DUPLICATE_METHOD_MATCH = YES;
				"CODE_SIGN_IDENTITY[sdk=iphoneos*]" = "iPhone Developer";
				COPY_PHASE_STRIP = NO;
				DEBUG_INFORMATION_FORMAT = dwarf;
				ENABLE_STRICT_OBJC_MSGSEND = YES;
				ENABLE_TESTABILITY = YES;
				GCC_C_LANGUAGE_STANDARD = gnu99;
				GCC_DYNAMIC_NO_PIC = NO;
				GCC_NO_COMMON_BLOCKS = YES;
				GCC_OPTIMIZATION_LEVEL = 0;
				GCC_PREPROCESSOR_DEFINITIONS = (
					"DEBUG=1",
					"$(inherited)",
				);
				GCC_WARN_64_TO_32_BIT_CONVERSION = YES;
				GCC_WARN_ABOUT_RETURN_TYPE = YES_ERROR;
				GCC_WARN_UNDECLARED_SELECTOR = YES;
				GCC_WARN_UNINITIALIZED_AUTOS = YES_AGGRESSIVE;
				GCC_WARN_UNUSED_FUNCTION = YES;
				GCC_WARN_UNUSED_VARIABLE = YES;
				IPHONEOS_DEPLOYMENT_TARGET = 10.1;
				MTL_ENABLE_DEBUG_INFO = YES;
				ONLY_ACTIVE_ARCH = YES;
				SDKROOT = iphoneos;
				SWIFT_ACTIVE_COMPILATION_CONDITIONS = DEBUG;
				SWIFT_OPTIMIZATION_LEVEL = "-Onone";
				TARGETED_DEVICE_FAMILY = "1,2";
			};
			name = Debug;
		};
		28091CB41DC3F0B900FFF4C3 /* Release */ = {
			isa = XCBuildConfiguration;
			buildSettings = {
				ALWAYS_SEARCH_USER_PATHS = NO;
				CLANG_ANALYZER_NONNULL = YES;
				CLANG_CXX_LANGUAGE_STANDARD = "gnu++0x";
				CLANG_CXX_LIBRARY = "libc++";
				CLANG_ENABLE_MODULES = YES;
				CLANG_ENABLE_OBJC_ARC = YES;
				CLANG_WARN_BOOL_CONVERSION = YES;
				CLANG_WARN_CONSTANT_CONVERSION = YES;
				CLANG_WARN_DIRECT_OBJC_ISA_USAGE = YES_ERROR;
				CLANG_WARN_DOCUMENTATION_COMMENTS = YES;
				CLANG_WARN_EMPTY_BODY = YES;
				CLANG_WARN_ENUM_CONVERSION = YES;
				CLANG_WARN_INFINITE_RECURSION = YES;
				CLANG_WARN_INT_CONVERSION = YES;
				CLANG_WARN_OBJC_ROOT_CLASS = YES_ERROR;
				CLANG_WARN_SUSPICIOUS_MOVES = YES;
				CLANG_WARN_UNREACHABLE_CODE = YES;
				CLANG_WARN__DUPLICATE_METHOD_MATCH = YES;
				"CODE_SIGN_IDENTITY[sdk=iphoneos*]" = "iPhone Developer";
				COPY_PHASE_STRIP = NO;
				DEBUG_INFORMATION_FORMAT = "dwarf-with-dsym";
				ENABLE_NS_ASSERTIONS = NO;
				ENABLE_STRICT_OBJC_MSGSEND = YES;
				GCC_C_LANGUAGE_STANDARD = gnu99;
				GCC_NO_COMMON_BLOCKS = YES;
				GCC_WARN_64_TO_32_BIT_CONVERSION = YES;
				GCC_WARN_ABOUT_RETURN_TYPE = YES_ERROR;
				GCC_WARN_UNDECLARED_SELECTOR = YES;
				GCC_WARN_UNINITIALIZED_AUTOS = YES_AGGRESSIVE;
				GCC_WARN_UNUSED_FUNCTION = YES;
				GCC_WARN_UNUSED_VARIABLE = YES;
				IPHONEOS_DEPLOYMENT_TARGET = 10.1;
				MTL_ENABLE_DEBUG_INFO = NO;
				SDKROOT = iphoneos;
				SWIFT_OPTIMIZATION_LEVEL = "-Owholemodule";
				TARGETED_DEVICE_FAMILY = "1,2";
				VALIDATE_PRODUCT = YES;
			};
			name = Release;
		};
		28091CB61DC3F0B900FFF4C3 /* Debug */ = {
			isa = XCBuildConfiguration;
			buildSettings = {
				ALWAYS_EMBED_SWIFT_STANDARD_LIBRARIES = YES;
				ASSETCATALOG_COMPILER_APPICON_NAME = AppIcon;
				DEVELOPMENT_TEAM = KNA8S759M5;
				INFOPLIST_FILE = ResearchKitDemo/Info.plist;
				LD_RUNPATH_SEARCH_PATHS = "$(inherited) @executable_path/Frameworks";
				PRODUCT_BUNDLE_IDENTIFIER = uldis.zingis.ResearchKitDemo;
				PRODUCT_NAME = "$(TARGET_NAME)";
				SWIFT_VERSION = 3.0;
			};
			name = Debug;
		};
		28091CB71DC3F0B900FFF4C3 /* Release */ = {
			isa = XCBuildConfiguration;
			buildSettings = {
				ALWAYS_EMBED_SWIFT_STANDARD_LIBRARIES = YES;
				ASSETCATALOG_COMPILER_APPICON_NAME = AppIcon;
				DEVELOPMENT_TEAM = KNA8S759M5;
				INFOPLIST_FILE = ResearchKitDemo/Info.plist;
				LD_RUNPATH_SEARCH_PATHS = "$(inherited) @executable_path/Frameworks";
				PRODUCT_BUNDLE_IDENTIFIER = uldis.zingis.ResearchKitDemo;
				PRODUCT_NAME = "$(TARGET_NAME)";
				SWIFT_VERSION = 3.0;
			};
			name = Release;
		};
/* End XCBuildConfiguration section */

/* Begin XCConfigurationList section */
		28091C9E1DC3F0B800FFF4C3 /* Build configuration list for PBXProject "ResearchKitDemo" */ = {
			isa = XCConfigurationList;
			buildConfigurations = (
				28091CB31DC3F0B900FFF4C3 /* Debug */,
				28091CB41DC3F0B900FFF4C3 /* Release */,
			);
			defaultConfigurationIsVisible = 0;
			defaultConfigurationName = Release;
		};
		28091CB51DC3F0B900FFF4C3 /* Build configuration list for PBXNativeTarget "ResearchKitDemo" */ = {
			isa = XCConfigurationList;
			buildConfigurations = (
				28091CB61DC3F0B900FFF4C3 /* Debug */,
				28091CB71DC3F0B900FFF4C3 /* Release */,
			);
			defaultConfigurationIsVisible = 0;
		};
/* End XCConfigurationList section */
	};
	rootObject = 28091C9B1DC3F0B800FFF4C3 /* Project object */;
}
